
Microsoft Visual Studio Solution File, Format Version 12.00
# Visual Studio 15
VisualStudioVersion = 15.0.27703.2035
MinimumVisualStudioVersion = 10.0.40219.1
Project("{FAE04EC0-301F-11D3-BF4B-00C04F79EFBC}") = "Tasking", "Tasking\Tasking.csproj", "{E60FEEBE-1FA0-48C1-9425-49009F2C0826}"
EndProject
Global
	GlobalSection(SolutionConfigurationPlatforms) = preSolution
		Debug|Any CPU = Debug|Any CPU
		Release|Any CPU = Release|Any CPU
	EndGlobalSection
	GlobalSection(ProjectConfigurationPlatforms) = postSolution
		{E60FEEBE-1FA0-48C1-9425-49009F2C0826}.Debug|Any CPU.ActiveCfg = Debug|Any CPU
		{E60FEEBE-1FA0-48C1-9425-49009F2C0826}.Debug|Any CPU.Build.0 = Debug|Any CPU
		{E60FEEBE-1FA0-48C1-9425-49009F2C0826}.Release|Any CPU.ActiveCfg = Release|Any CPU
		{E60FEEBE-1FA0-48C1-9425-49009F2C0826}.Release|Any CPU.Build.0 = Release|Any CPU
	EndGlobalSection
	GlobalSection(SolutionProperties) = preSolution
		HideSolutionNode = FALSE
	EndGlobalSection
	GlobalSection(ExtensibilityGlobals) = postSolution
		SolutionGuid = {C4E0A470-56D4-4246-AA32-FFA0FA51CF04}
	EndGlobalSection
EndGlobal
